
Microsoft Visual Studio Solution File, Format Version 12.00
# Visual Studio Version 16
VisualStudioVersion = 16.0.30621.155
MinimumVisualStudioVersion = 10.0.40219.1
Project("{FAE04EC0-301F-11D3-BF4B-00C04F79EFBC}") = "EQAudioTriggers", "EQAudioTriggers.csproj", "{5314A89E-352D-4678-817D-48096EFC2420}"
EndProject
Global
	GlobalSection(SolutionConfigurationPlatforms) = preSolution
		Debug|Any CPU = Debug|Any CPU
		Release|Any CPU = Release|Any CPU
	EndGlobalSection
	GlobalSection(ProjectConfigurationPlatforms) = postSolution
		{5314A89E-352D-4678-817D-48096EFC2420}.Debug|Any CPU.ActiveCfg = Debug|Any CPU
		{5314A89E-352D-4678-817D-48096EFC2420}.Debug|Any CPU.Build.0 = Debug|Any CPU
		{5314A89E-352D-4678-817D-48096EFC2420}.Release|Any CPU.ActiveCfg = Release|Any CPU
		{5314A89E-352D-4678-817D-48096EFC2420}.Release|Any CPU.Build.0 = Release|Any CPU
	EndGlobalSection
	GlobalSection(SolutionProperties) = preSolution
		HideSolutionNode = FALSE
	EndGlobalSection
	GlobalSection(ExtensibilityGlobals) = postSolution
		SolutionGuid = {16E451DD-460E-49CB-AC29-707A8FF0F3E3}
	EndGlobalSection
EndGlobal
